
Microsoft Visual Studio Solution File, Format Version 12.00
# Visual Studio Version 16
VisualStudioVersion = 16.0.30011.22
MinimumVisualStudioVersion = 10.0.40219.1
Project("{FAE04EC0-301F-11D3-BF4B-00C04F79EFBC}") = "LinkvertiseBypass", "LinkvertiseBypass\LinkvertiseBypass.csproj", "{80841D0E-0011-41EB-ABF2-B6463488B1D0}"
EndProject
Global
	GlobalSection(SolutionConfigurationPlatforms) = preSolution
		Debug|Any CPU = Debug|Any CPU
		Release|Any CPU = Release|Any CPU
	EndGlobalSection
	GlobalSection(ProjectConfigurationPlatforms) = postSolution
		{80841D0E-0011-41EB-ABF2-B6463488B1D0}.Debug|Any CPU.ActiveCfg = Debug|Any CPU
		{80841D0E-0011-41EB-ABF2-B6463488B1D0}.Debug|Any CPU.Build.0 = Debug|Any CPU
		{80841D0E-0011-41EB-ABF2-B6463488B1D0}.Release|Any CPU.ActiveCfg = Release|Any CPU
		{80841D0E-0011-41EB-ABF2-B6463488B1D0}.Release|Any CPU.Build.0 = Release|Any CPU
	EndGlobalSection
	GlobalSection(SolutionProperties) = preSolution
		HideSolutionNode = FALSE
	EndGlobalSection
	GlobalSection(ExtensibilityGlobals) = postSolution
		SolutionGuid = {A40A82F0-A24B-4161-B4C1-C797B6DC53CE}
	EndGlobalSection
EndGlobal
